
Microsoft Visual Studio Solution File, Format Version 12.00
# Visual Studio Version 17
VisualStudioVersion = 17.8.34227.203
MinimumVisualStudioVersion = 10.0.40219.1
Project("{FAE04EC0-301F-11D3-BF4B-00C04F79EFBC}") = "RabbitMQ.P2P.Consumer", "RabbitMQ.P2P.Consumer\RabbitMQ.P2P.Consumer.csproj", "{271B2581-68EA-432C-90C6-3C865F1FCC4A}"
EndProject
Project("{FAE04EC0-301F-11D3-BF4B-00C04F79EFBC}") = "RabbitMQ.P2P.Publisher", "RabbitMQ.P2P.Publisher\RabbitMQ.P2P.Publisher.csproj", "{F3D054F3-5FAA-45CE-9782-F2EA22313BA3}"
EndProject
Project("{FAE04EC0-301F-11D3-BF4B-00C04F79EFBC}") = "RabbitMQ.PubSub.Consumer", "RabbitMQ.PubSub.Consumer\RabbitMQ.PubSub.Consumer.csproj", "{1FDE0AD7-ADC3-42D4-9DC4-CDBA15324B0E}"
EndProject
Project("{FAE04EC0-301F-11D3-BF4B-00C04F79EFBC}") = "RabbitMQ.PubSub.Publisher", "RabbitMQ.PubSub.Publisher\RabbitMQ.PubSub.Publisher.csproj", "{BB47A674-1EDB-42F3-AA87-ACDC92E8EE9E}"
EndProject
Project("{FAE04EC0-301F-11D3-BF4B-00C04F79EFBC}") = "RabbitMQ.Settings", "RabbitMQ.Settings\RabbitMQ.Settings.csproj", "{F7B8885A-E434-495C-A5E7-7548D6E80B85}"
EndProject
Project("{FAE04EC0-301F-11D3-BF4B-00C04F79EFBC}") = "RabbitMQ.WorkQueue.Publisher", "RabbitMQ.WorkQueue.Publisher\RabbitMQ.WorkQueue.Publisher.csproj", "{215B4223-9A6D-4EC3-A935-9A594B8CB68B}"
EndProject
Project("{FAE04EC0-301F-11D3-BF4B-00C04F79EFBC}") = "RabbitMQ.WorkQueue.Consumer", "RabbitMQ.WorkQueue.Consumer\RabbitMQ.WorkQueue.Consumer.csproj", "{7E2F580A-430A-4990-AA5F-49D2569498F6}"
EndProject
Project("{FAE04EC0-301F-11D3-BF4B-00C04F79EFBC}") = "RabbitMQ.ReqRes.Publisher", "RabbitMQ.ReqRes.Publisher\RabbitMQ.ReqRes.Publisher.csproj", "{C7FE3FCB-E044-44A9-BE71-757969894EE3}"
EndProject
Project("{FAE04EC0-301F-11D3-BF4B-00C04F79EFBC}") = "RabbitMQ.ReqRes.Consumer", "RabbitMQ.ReqRes.Consumer\RabbitMQ.ReqRes.Consumer.csproj", "{B60984A7-E4E3-40B7-87B2-B607B7FB4194}"
EndProject
Global
	GlobalSection(SolutionConfigurationPlatforms) = preSolution
		Debug|Any CPU = Debug|Any CPU
		Release|Any CPU = Release|Any CPU
	EndGlobalSection
	GlobalSection(ProjectConfigurationPlatforms) = postSolution
		{271B2581-68EA-432C-90C6-3C865F1FCC4A}.Debug|Any CPU.ActiveCfg = Debug|Any CPU
		{271B2581-68EA-432C-90C6-3C865F1FCC4A}.Debug|Any CPU.Build.0 = Debug|Any CPU
		{271B2581-68EA-432C-90C6-3C865F1FCC4A}.Release|Any CPU.ActiveCfg = Release|Any CPU
		{271B2581-68EA-432C-90C6-3C865F1FCC4A}.Release|Any CPU.Build.0 = Release|Any CPU
		{F3D054F3-5FAA-45CE-9782-F2EA22313BA3}.Debug|Any CPU.ActiveCfg = Debug|Any CPU
		{F3D054F3-5FAA-45CE-9782-F2EA22313BA3}.Debug|Any CPU.Build.0 = Debug|Any CPU
		{F3D054F3-5FAA-45CE-9782-F2EA22313BA3}.Release|Any CPU.ActiveCfg = Release|Any CPU
		{F3D054F3-5FAA-45CE-9782-F2EA22313BA3}.Release|Any CPU.Build.0 = Release|Any CPU
		{1FDE0AD7-ADC3-42D4-9DC4-CDBA15324B0E}.Debug|Any CPU.ActiveCfg = Debug|Any CPU
		{1FDE0AD7-ADC3-42D4-9DC4-CDBA15324B0E}.Debug|Any CPU.Build.0 = Debug|Any CPU
		{1FDE0AD7-ADC3-42D4-9DC4-CDBA15324B0E}.Release|Any CPU.ActiveCfg = Release|Any CPU
		{1FDE0AD7-ADC3-42D4-9DC4-CDBA15324B0E}.Release|Any CPU.Build.0 = Release|Any CPU
		{BB47A674-1EDB-42F3-AA87-ACDC92E8EE9E}.Debug|Any CPU.ActiveCfg = Debug|Any CPU
		{BB47A674-1EDB-42F3-AA87-ACDC92E8EE9E}.Debug|Any CPU.Build.0 = Debug|Any CPU
		{BB47A674-1EDB-42F3-AA87-ACDC92E8EE9E}.Release|Any CPU.ActiveCfg = Release|Any CPU
		{BB47A674-1EDB-42F3-AA87-ACDC92E8EE9E}.Release|Any CPU.Build.0 = Release|Any CPU
		{F7B8885A-E434-495C-A5E7-7548D6E80B85}.Debug|Any CPU.ActiveCfg = Debug|Any CPU
		{F7B8885A-E434-495C-A5E7-7548D6E80B85}.Debug|Any CPU.Build.0 = Debug|Any CPU
		{F7B8885A-E434-495C-A5E7-7548D6E80B85}.Release|Any CPU.ActiveCfg = Release|Any CPU
		{F7B8885A-E434-495C-A5E7-7548D6E80B85}.Release|Any CPU.Build.0 = Release|Any CPU
		{215B4223-9A6D-4EC3-A935-9A594B8CB68B}.Debug|Any CPU.ActiveCfg = Debug|Any CPU
		{215B4223-9A6D-4EC3-A935-9A594B8CB68B}.Debug|Any CPU.Build.0 = Debug|Any CPU
		{215B4223-9A6D-4EC3-A935-9A594B8CB68B}.Release|Any CPU.ActiveCfg = Release|Any CPU
		{215B4223-9A6D-4EC3-A935-9A594B8CB68B}.Release|Any CPU.Build.0 = Release|Any CPU
		{7E2F580A-430A-4990-AA5F-49D2569498F6}.Debug|Any CPU.ActiveCfg = Debug|Any CPU
		{7E2F580A-430A-4990-AA5F-49D2569498F6}.Debug|Any CPU.Build.0 = Debug|Any CPU
		{7E2F580A-430A-4990-AA5F-49D2569498F6}.Release|Any CPU.ActiveCfg = Release|Any CPU
		{7E2F580A-430A-4990-AA5F-49D2569498F6}.Release|Any CPU.Build.0 = Release|Any CPU
		{C7FE3FCB-E044-44A9-BE71-757969894EE3}.Debug|Any CPU.ActiveCfg = Debug|Any CPU
		{C7FE3FCB-E044-44A9-BE71-757969894EE3}.Debug|Any CPU.Build.0 = Debug|Any CPU
		{C7FE3FCB-E044-44A9-BE71-757969894EE3}.Release|Any CPU.ActiveCfg = Release|Any CPU
		{C7FE3FCB-E044-44A9-BE71-757969894EE3}.Release|Any CPU.Build.0 = Release|Any CPU
		{B60984A7-E4E3-40B7-87B2-B607B7FB4194}.Debug|Any CPU.ActiveCfg = Debug|Any CPU
		{B60984A7-E4E3-40B7-87B2-B607B7FB4194}.Debug|Any CPU.Build.0 = Debug|Any CPU
		{B60984A7-E4E3-40B7-87B2-B607B7FB4194}.Release|Any CPU.ActiveCfg = Release|Any CPU
		{B60984A7-E4E3-40B7-87B2-B607B7FB4194}.Release|Any CPU.Build.0 = Release|Any CPU
	EndGlobalSection
	GlobalSection(SolutionProperties) = preSolution
		HideSolutionNode = FALSE
	EndGlobalSection
	GlobalSection(ExtensibilityGlobals) = postSolution
		SolutionGuid = {3E05C17C-314A-42FC-93F0-D9E0C319E773}
	EndGlobalSection
EndGlobal
